
Microsoft Visual Studio Solution File, Format Version 11.00
# Visual Studio 2010
Project("{8BC9CEB8-8B4A-11D0-8D11-00A0C91BC942}") = "q3map2-warzone", "q3map2-warzone.vcxproj", "{7AF7537E-94C3-4680-8F5E-C1CE30DC2041}"
EndProject
Global
	GlobalSection(SolutionConfigurationPlatforms) = preSolution
		Debug|Win32 = Debug|Win32
		Release|Win32 = Release|Win32
	EndGlobalSection
	GlobalSection(ProjectConfigurationPlatforms) = postSolution
		{7AF7537E-94C3-4680-8F5E-C1CE30DC2041}.Debug|Win32.ActiveCfg = Debug|Win32
		{7AF7537E-94C3-4680-8F5E-C1CE30DC2041}.Debug|Win32.Build.0 = Debug|Win32
		{7AF7537E-94C3-4680-8F5E-C1CE30DC2041}.Release|Win32.ActiveCfg = Release|Win32
		{7AF7537E-94C3-4680-8F5E-C1CE30DC2041}.Release|Win32.Build.0 = Release|Win32
	EndGlobalSection
	GlobalSection(SolutionProperties) = preSolution
		HideSolutionNode = FALSE
	EndGlobalSection
EndGlobal
