<?xml version="1.0" encoding="utf-8"?>
<Project ToolsVersion="4.0" xmlns="http://schemas.microsoft.com/developer/msbuild/2003">
  <ItemGroup>
    <Filter Include="src">
      <UniqueIdentifier>{b45c67e4-e8fb-4f95-aec6-2d72760e72c9}</UniqueIdentifier>
      <Extensions>c;cpp;cxx;cc;C</Extensions>
    </Filter>
    <Filter Include="src\bsp">
      <UniqueIdentifier>{1e5a75c9-8989-4c44-9a9a-7768fc692d40}</UniqueIdentifier>
      <Extensions>.c</Extensions>
    </Filter>
    <Filter Include="src\light">
      <UniqueIdentifier>{d700432e-48aa-40b3-b412-67a758450cd4}</UniqueIdentifier>
      <Extensions>.c</Extensions>
    </Filter>
    <Filter Include="src\vis">
      <UniqueIdentifier>{a40b66f4-855a-421c-8f7c-3a81813910b5}</UniqueIdentifier>
      <Extensions>.c</Extensions>
    </Filter>
    <Filter Include="src\convert">
      <UniqueIdentifier>{c795d8a1-82e9-4b4e-9b21-cf3806f6cd01}</UniqueIdentifier>
      <Extensions>.c</Extensions>
    </Filter>
    <Filter Include="include">
      <UniqueIdentifier>{b73fda02-6586-4ec7-aff7-c5d6f8ffd4e1}</UniqueIdentifier>
      <Extensions>h</Extensions>
    </Filter>
    <Filter Include="doc">
      <UniqueIdentifier>{092ab31e-088d-46c1-afa7-15dd9e8acfba}</UniqueIdentifier>
      <Extensions>*.txt</Extensions>
    </Filter>
    <Filter Include="rc">
      <UniqueIdentifier>{400f73f7-be78-4c8b-b1f2-fc62e9ff26d0}</UniqueIdentifier>
      <Extensions>.rc;.ico</Extensions>
    </Filter>
  </ItemGroup>
  <ItemGroup>
    <ClCompile Include="bspfile_abstract.c">
      <Filter>src</Filter>
    </ClCompile>
    <ClCompile Include="bspfile_ibsp.c">
      <Filter>src</Filter>
    </ClCompile>
    <ClCompile Include="bspfile_rbsp.c">
      <Filter>src</Filter>
    </ClCompile>
    <ClCompile Include="image.c">
      <Filter>src</Filter>
    </ClCompile>
    <ClCompile Include="main.c">
      <Filter>src</Filter>
    </ClCompile>
    <ClCompile Include="mesh.c">
      <Filter>src</Filter>
    </ClCompile>
    <ClCompile Include="model.c">
      <Filter>src</Filter>
    </ClCompile>
    <ClCompile Include="path_init.c">
      <Filter>src</Filter>
    </ClCompile>
    <ClCompile Include="shaders.c">
      <Filter>src</Filter>
    </ClCompile>
    <ClCompile Include="surface_extra.c">
      <Filter>src</Filter>
    </ClCompile>
    <ClCompile Include="brush.c">
      <Filter>src\bsp</Filter>
    </ClCompile>
    <ClCompile Include="brush_primit.c">
      <Filter>src\bsp</Filter>
    </ClCompile>
    <ClCompile Include="bsp.c">
      <Filter>src\bsp</Filter>
    </ClCompile>
    <ClCompile Include="decals.c">
      <Filter>src\bsp</Filter>
    </ClCompile>
    <ClCompile Include="facebsp.c">
      <Filter>src\bsp</Filter>
    </ClCompile>
    <ClCompile Include="fog.c">
      <Filter>src\bsp</Filter>
    </ClCompile>
    <ClCompile Include="leakfile.c">
      <Filter>src\bsp</Filter>
    </ClCompile>
    <ClCompile Include="map.c">
      <Filter>src\bsp</Filter>
    </ClCompile>
    <ClCompile Include="patch.c">
      <Filter>src\bsp</Filter>
    </ClCompile>
    <ClCompile Include="portals.c">
      <Filter>src\bsp</Filter>
    </ClCompile>
    <ClCompile Include="prtfile.c">
      <Filter>src\bsp</Filter>
    </ClCompile>
    <ClCompile Include="surface.c">
      <Filter>src\bsp</Filter>
    </ClCompile>
    <ClCompile Include="surface_foliage.c">
      <Filter>src\bsp</Filter>
    </ClCompile>
    <ClCompile Include="surface_fur.c">
      <Filter>src\bsp</Filter>
    </ClCompile>
    <ClCompile Include="surface_meta.c">
      <Filter>src\bsp</Filter>
    </ClCompile>
    <ClCompile Include="tjunction.c">
      <Filter>src\bsp</Filter>
    </ClCompile>
    <ClCompile Include="tree.c">
      <Filter>src\bsp</Filter>
    </ClCompile>
    <ClCompile Include="writebsp.c">
      <Filter>src\bsp</Filter>
    </ClCompile>
    <ClCompile Include="exportents.c">
      <Filter>src\bsp</Filter>
    </ClCompile>
    <ClCompile Include="light.c">
      <Filter>src\light</Filter>
    </ClCompile>
    <ClCompile Include="light_bounce.c">
      <Filter>src\light</Filter>
    </ClCompile>
    <ClCompile Include="light_trace.c">
      <Filter>src\light</Filter>
    </ClCompile>
    <ClCompile Include="light_ydnar.c">
      <Filter>src\light</Filter>
    </ClCompile>
    <ClCompile Include="lightmaps_ydnar.c">
      <Filter>src\light</Filter>
    </ClCompile>
    <ClCompile Include="vis.c">
      <Filter>src\vis</Filter>
    </ClCompile>
    <ClCompile Include="visflow.c">
      <Filter>src\vis</Filter>
    </ClCompile>
    <ClCompile Include="convert_ase.c">
      <Filter>src\convert</Filter>
    </ClCompile>
    <ClCompile Include="convert_map.c">
      <Filter>src\convert</Filter>
    </ClCompile>
    <ClCompile Include="tinythread.cpp">
      <Filter>src</Filter>
    </ClCompile>
  </ItemGroup>
  <ItemGroup>
    <ClInclude Include="game_ef.h">
      <Filter>include</Filter>
    </ClInclude>
    <ClInclude Include="game_ja.h">
      <Filter>include</Filter>
    </ClInclude>
    <ClInclude Include="game_jk2.h">
      <Filter>include</Filter>
    </ClInclude>
    <ClInclude Include="game_quake3.h">
      <Filter>include</Filter>
    </ClInclude>
    <ClInclude Include="game_sof2.h">
      <Filter>include</Filter>
    </ClInclude>
    <ClInclude Include="game_wolf.h">
      <Filter>include</Filter>
    </ClInclude>
    <ClInclude Include="game_wolfet.h">
      <Filter>include</Filter>
    </ClInclude>
    <ClInclude Include="q3map2.h">
      <Filter>include</Filter>
    </ClInclude>
    <ClInclude Include="fast_mutex.h">
      <Filter>src</Filter>
    </ClInclude>
    <ClInclude Include="tinythread.h">
      <Filter>src</Filter>
    </ClInclude>
  </ItemGroup>
  <ItemGroup>
    <None Include="changelog.q3map2.txt">
      <Filter>doc</Filter>
    </None>
    <None Include="q3map2.ico">
      <Filter>rc</Filter>
    </None>
  </ItemGroup>
  <ItemGroup>
    <ResourceCompile Include="q3map2.rc">
      <Filter>rc</Filter>
    </ResourceCompile>
  </ItemGroup>
</Project>